
Microsoft Visual Studio Solution File, Format Version 12.00
# Visual Studio Version 17
VisualStudioVersion = 17.9.34728.123
MinimumVisualStudioVersion = 10.0.40219.1
Project("{9A19103F-16F7-4668-BE54-9A1E7A4F7556}") = "VSSApi", "VSSApi\VSSApi.csproj", "{2CEA8560-E310-4C39-9D4D-A7311AE7B658}"
EndProject
Project("{FAE04EC0-301F-11D3-BF4B-00C04F79EFBC}") = "Business", "Business\Business.csproj", "{530D0610-5DD2-42E4-93EC-8D12B60D7DCD}"
EndProject
Project("{FAE04EC0-301F-11D3-BF4B-00C04F79EFBC}") = "Core", "Core\Core.csproj", "{0D2D8CEB-3B58-48F8-95DD-B9344CCAFC33}"
EndProject
Project("{FAE04EC0-301F-11D3-BF4B-00C04F79EFBC}") = "DataAccess", "DataAccess\DataAccess.csproj", "{8C9399C8-B6B1-4088-BFA1-1F5E770CC4F3}"
EndProject
Project("{FAE04EC0-301F-11D3-BF4B-00C04F79EFBC}") = "Entities", "Entities\Entities.csproj", "{8A213EE7-795E-4780-9CC8-E1C86C14A2E7}"
EndProject
Global
	GlobalSection(SolutionConfigurationPlatforms) = preSolution
		Debug|Any CPU = Debug|Any CPU
		Release|Any CPU = Release|Any CPU
	EndGlobalSection
	GlobalSection(ProjectConfigurationPlatforms) = postSolution
		{2CEA8560-E310-4C39-9D4D-A7311AE7B658}.Debug|Any CPU.ActiveCfg = Debug|Any CPU
		{2CEA8560-E310-4C39-9D4D-A7311AE7B658}.Debug|Any CPU.Build.0 = Debug|Any CPU
		{2CEA8560-E310-4C39-9D4D-A7311AE7B658}.Release|Any CPU.ActiveCfg = Release|Any CPU
		{2CEA8560-E310-4C39-9D4D-A7311AE7B658}.Release|Any CPU.Build.0 = Release|Any CPU
		{530D0610-5DD2-42E4-93EC-8D12B60D7DCD}.Debug|Any CPU.ActiveCfg = Debug|Any CPU
		{530D0610-5DD2-42E4-93EC-8D12B60D7DCD}.Debug|Any CPU.Build.0 = Debug|Any CPU
		{530D0610-5DD2-42E4-93EC-8D12B60D7DCD}.Release|Any CPU.ActiveCfg = Release|Any CPU
		{530D0610-5DD2-42E4-93EC-8D12B60D7DCD}.Release|Any CPU.Build.0 = Release|Any CPU
		{0D2D8CEB-3B58-48F8-95DD-B9344CCAFC33}.Debug|Any CPU.ActiveCfg = Debug|Any CPU
		{0D2D8CEB-3B58-48F8-95DD-B9344CCAFC33}.Debug|Any CPU.Build.0 = Debug|Any CPU
		{0D2D8CEB-3B58-48F8-95DD-B9344CCAFC33}.Release|Any CPU.ActiveCfg = Release|Any CPU
		{0D2D8CEB-3B58-48F8-95DD-B9344CCAFC33}.Release|Any CPU.Build.0 = Release|Any CPU
		{8C9399C8-B6B1-4088-BFA1-1F5E770CC4F3}.Debug|Any CPU.ActiveCfg = Debug|Any CPU
		{8C9399C8-B6B1-4088-BFA1-1F5E770CC4F3}.Debug|Any CPU.Build.0 = Debug|Any CPU
		{8C9399C8-B6B1-4088-BFA1-1F5E770CC4F3}.Release|Any CPU.ActiveCfg = Release|Any CPU
		{8C9399C8-B6B1-4088-BFA1-1F5E770CC4F3}.Release|Any CPU.Build.0 = Release|Any CPU
		{8A213EE7-795E-4780-9CC8-E1C86C14A2E7}.Debug|Any CPU.ActiveCfg = Debug|Any CPU
		{8A213EE7-795E-4780-9CC8-E1C86C14A2E7}.Debug|Any CPU.Build.0 = Debug|Any CPU
		{8A213EE7-795E-4780-9CC8-E1C86C14A2E7}.Release|Any CPU.ActiveCfg = Release|Any CPU
		{8A213EE7-795E-4780-9CC8-E1C86C14A2E7}.Release|Any CPU.Build.0 = Release|Any CPU
	EndGlobalSection
	GlobalSection(SolutionProperties) = preSolution
		HideSolutionNode = FALSE
	EndGlobalSection
	GlobalSection(ExtensibilityGlobals) = postSolution
		SolutionGuid = {50A8F2BF-0610-4F20-9C20-24F5D0A02CFF}
	EndGlobalSection
EndGlobal
